// !$*UTF8*$!
{
	archiveVersion = 1;
	classes = {
	};
	objectVersion = 56;
	objects = {

/* Begin PBXBuildFile section */
		0AD4072F2BE7B4760054A7EA /* Bookmark_Collector_AppApp.swift in Sources */ = {isa = PBXBuildFile; fileRef = 0AD4072E2BE7B4760054A7EA /* Bookmark_Collector_AppApp.swift */; };
		0AD407312BE7B4760054A7EA /* ContentView.swift in Sources */ = {isa = PBXBuildFile; fileRef = 0AD407302BE7B4760054A7EA /* ContentView.swift */; };
		0AD407332BE7B4780054A7EA /* Assets.xcassets in Resources */ = {isa = PBXBuildFile; fileRef = 0AD407322BE7B4780054A7EA /* Assets.xcassets */; };
		0AD407362BE7B4780054A7EA /* Preview Assets.xcassets in Resources */ = {isa = PBXBuildFile; fileRef = 0AD407352BE7B4780054A7EA /* Preview Assets.xcassets */; };
		0AD4073D2BE7B5C30054A7EA /* MainButton.swift in Sources */ = {isa = PBXBuildFile; fileRef = 0AD4073C2BE7B5C30054A7EA /* MainButton.swift */; };
		0AD407412BE7B8270054A7EA /* ButtonType.swift in Sources */ = {isa = PBXBuildFile; fileRef = 0AD407402BE7B8270054A7EA /* ButtonType.swift */; };
		0AD407432BE7B8FB0054A7EA /* MainTitle.swift in Sources */ = {isa = PBXBuildFile; fileRef = 0AD407422BE7B8FB0054A7EA /* MainTitle.swift */; };
		0AD407472BE7B9BB0054A7EA /* WelcomeScreen.swift in Sources */ = {isa = PBXBuildFile; fileRef = 0AD407462BE7B9BB0054A7EA /* WelcomeScreen.swift */; };
		0AD4074A2BE7C28D0054A7EA /* MainScreen.swift in Sources */ = {isa = PBXBuildFile; fileRef = 0AD407492BE7C28D0054A7EA /* MainScreen.swift */; };
		0AD4074C2BE7D0880054A7EA /* BookmarkView.swift in Sources */ = {isa = PBXBuildFile; fileRef = 0AD4074B2BE7D0880054A7EA /* BookmarkView.swift */; };
		0AD4074E2BE7DC960054A7EA /* BookmarkModel.swift in Sources */ = {isa = PBXBuildFile; fileRef = 0AD4074D2BE7DC960054A7EA /* BookmarkModel.swift */; };
		0AD407502BE7E15C0054A7EA /* WebView.swift in Sources */ = {isa = PBXBuildFile; fileRef = 0AD4074F2BE7E15C0054A7EA /* WebView.swift */; };
		0AD407522BE7E4F70054A7EA /* InputField.swift in Sources */ = {isa = PBXBuildFile; fileRef = 0AD407512BE7E4F70054A7EA /* InputField.swift */; };
		0AD407542BE7E69E0054A7EA /* SheetView.swift in Sources */ = {isa = PBXBuildFile; fileRef = 0AD407532BE7E69E0054A7EA /* SheetView.swift */; };
		0AD407572BE7E83C0054A7EA /* BookmarkListViewModel.swift in Sources */ = {isa = PBXBuildFile; fileRef = 0AD407562BE7E83C0054A7EA /* BookmarkListViewModel.swift */; };
		0AD407592BE7EB250054A7EA /* BookmarkList.swift in Sources */ = {isa = PBXBuildFile; fileRef = 0AD407582BE7EB250054A7EA /* BookmarkList.swift */; };
		0AD4075B2BE93ADC0054A7EA /* GoogleService-Info.plist in Resources */ = {isa = PBXBuildFile; fileRef = 0AD4075A2BE93ADC0054A7EA /* GoogleService-Info.plist */; };
		0AD4075E2BE93B9B0054A7EA /* FirebaseAnalytics in Frameworks */ = {isa = PBXBuildFile; productRef = 0AD4075D2BE93B9B0054A7EA /* FirebaseAnalytics */; };
		0AD407602BE93B9B0054A7EA /* FirebaseAnalyticsOnDeviceConversion in Frameworks */ = {isa = PBXBuildFile; productRef = 0AD4075F2BE93B9B0054A7EA /* FirebaseAnalyticsOnDeviceConversion */; };
		0AD407622BE93B9B0054A7EA /* FirebaseAnalyticsSwift in Frameworks */ = {isa = PBXBuildFile; productRef = 0AD407612BE93B9B0054A7EA /* FirebaseAnalyticsSwift */; };
		0AD407642BE93B9B0054A7EA /* FirebaseAnalyticsWithoutAdIdSupport in Frameworks */ = {isa = PBXBuildFile; productRef = 0AD407632BE93B9B0054A7EA /* FirebaseAnalyticsWithoutAdIdSupport */; };
		0AD407662BE93B9B0054A7EA /* FirebaseAppCheck in Frameworks */ = {isa = PBXBuildFile; productRef = 0AD407652BE93B9B0054A7EA /* FirebaseAppCheck */; };
		0AD407692BE93DD90054A7EA /* DatabaseService.swift in Sources */ = {isa = PBXBuildFile; fileRef = 0AD407682BE93DD90054A7EA /* DatabaseService.swift */; };
		0AD4076C2BE940CC0054A7EA /* FirebaseFirestore in Frameworks */ = {isa = PBXBuildFile; productRef = 0AD4076B2BE940CC0054A7EA /* FirebaseFirestore */; };
/* End PBXBuildFile section */

/* Begin PBXFileReference section */
		0AD4072B2BE7B4760054A7EA /* Bookmark Collector App.app */ = {isa = PBXFileReference; explicitFileType = wrapper.application; includeInIndex = 0; path = "Bookmark Collector App.app"; sourceTree = BUILT_PRODUCTS_DIR; };
		0AD4072E2BE7B4760054A7EA /* Bookmark_Collector_AppApp.swift */ = {isa = PBXFileReference; lastKnownFileType = sourcecode.swift; path = Bookmark_Collector_AppApp.swift; sourceTree = "<group>"; };
		0AD407302BE7B4760054A7EA /* ContentView.swift */ = {isa = PBXFileReference; lastKnownFileType = sourcecode.swift; path = ContentView.swift; sourceTree = "<group>"; };
		0AD407322BE7B4780054A7EA /* Assets.xcassets */ = {isa = PBXFileReference; lastKnownFileType = folder.assetcatalog; path = Assets.xcassets; sourceTree = "<group>"; };
		0AD407352BE7B4780054A7EA /* Preview Assets.xcassets */ = {isa = PBXFileReference; lastKnownFileType = folder.assetcatalog; path = "Preview Assets.xcassets"; sourceTree = "<group>"; };
		0AD4073C2BE7B5C30054A7EA /* MainButton.swift */ = {isa = PBXFileReference; lastKnownFileType = sourcecode.swift; path = MainButton.swift; sourceTree = "<group>"; };
		0AD407402BE7B8270054A7EA /* ButtonType.swift */ = {isa = PBXFileReference; lastKnownFileType = sourcecode.swift; name = ButtonType.swift; path = ../ButtonType.swift; sourceTree = "<group>"; };
		0AD407422BE7B8FB0054A7EA /* MainTitle.swift */ = {isa = PBXFileReference; lastKnownFileType = sourcecode.swift; path = MainTitle.swift; sourceTree = "<group>"; };
		0AD407462BE7B9BB0054A7EA /* WelcomeScreen.swift */ = {isa = PBXFileReference; lastKnownFileType = sourcecode.swift; path = WelcomeScreen.swift; sourceTree = "<group>"; };
		0AD407492BE7C28D0054A7EA /* MainScreen.swift */ = {isa = PBXFileReference; lastKnownFileType = sourcecode.swift; path = MainScreen.swift; sourceTree = "<group>"; };
		0AD4074B2BE7D0880054A7EA /* BookmarkView.swift */ = {isa = PBXFileReference; lastKnownFileType = sourcecode.swift; path = BookmarkView.swift; sourceTree = "<group>"; };
		0AD4074D2BE7DC960054A7EA /* BookmarkModel.swift */ = {isa = PBXFileReference; lastKnownFileType = sourcecode.swift; path = BookmarkModel.swift; sourceTree = "<group>"; };
		0AD4074F2BE7E15C0054A7EA /* WebView.swift */ = {isa = PBXFileReference; lastKnownFileType = sourcecode.swift; path = WebView.swift; sourceTree = "<group>"; };
		0AD407512BE7E4F70054A7EA /* InputField.swift */ = {isa = PBXFileReference; lastKnownFileType = sourcecode.swift; path = InputField.swift; sourceTree = "<group>"; };
		0AD407532BE7E69E0054A7EA /* SheetView.swift */ = {isa = PBXFileReference; lastKnownFileType = sourcecode.swift; path = SheetView.swift; sourceTree = "<group>"; };
		0AD407562BE7E83C0054A7EA /* BookmarkListViewModel.swift */ = {isa = PBXFileReference; lastKnownFileType = sourcecode.swift; path = BookmarkListViewModel.swift; sourceTree = "<group>"; };
		0AD407582BE7EB250054A7EA /* BookmarkList.swift */ = {isa = PBXFileReference; lastKnownFileType = sourcecode.swift; path = BookmarkList.swift; sourceTree = "<group>"; };
		0AD4075A2BE93ADC0054A7EA /* GoogleService-Info.plist */ = {isa = PBXFileReference; fileEncoding = 4; lastKnownFileType = text.plist.xml; path = "GoogleService-Info.plist"; sourceTree = "<group>"; };
		0AD407682BE93DD90054A7EA /* DatabaseService.swift */ = {isa = PBXFileReference; lastKnownFileType = sourcecode.swift; path = DatabaseService.swift; sourceTree = "<group>"; };
/* End PBXFileReference section */

/* Begin PBXFrameworksBuildPhase section */
		0AD407282BE7B4760054A7EA /* Frameworks */ = {
			isa = PBXFrameworksBuildPhase;
			buildActionMask = 2147483647;
			files = (
				0AD407622BE93B9B0054A7EA /* FirebaseAnalyticsSwift in Frameworks */,
				0AD4075E2BE93B9B0054A7EA /* FirebaseAnalytics in Frameworks */,
				0AD407602BE93B9B0054A7EA /* FirebaseAnalyticsOnDeviceConversion in Frameworks */,
				0AD407662BE93B9B0054A7EA /* FirebaseAppCheck in Frameworks */,
				0AD407642BE93B9B0054A7EA /* FirebaseAnalyticsWithoutAdIdSupport in Frameworks */,
				0AD4076C2BE940CC0054A7EA /* FirebaseFirestore in Frameworks */,
			);
			runOnlyForDeploymentPostprocessing = 0;
		};
/* End PBXFrameworksBuildPhase section */

/* Begin PBXGroup section */
		0AD407222BE7B4760054A7EA = {
			isa = PBXGroup;
			children = (
				0AD4075A2BE93ADC0054A7EA /* GoogleService-Info.plist */,
				0AD4072D2BE7B4760054A7EA /* Bookmark Collector App */,
				0AD4072C2BE7B4760054A7EA /* Products */,
				0AD4076A2BE940CC0054A7EA /* Frameworks */,
			);
			sourceTree = "<group>";
		};
		0AD4072C2BE7B4760054A7EA /* Products */ = {
			isa = PBXGroup;
			children = (
				0AD4072B2BE7B4760054A7EA /* Bookmark Collector App.app */,
			);
			name = Products;
			sourceTree = "<group>";
		};
		0AD4072D2BE7B4760054A7EA /* Bookmark Collector App */ = {
			isa = PBXGroup;
			children = (
				0AD4072E2BE7B4760054A7EA /* Bookmark_Collector_AppApp.swift */,
				0AD407302BE7B4760054A7EA /* ContentView.swift */,
				0AD407552BE7E7E50054A7EA /* Storage */,
				0AD407482BE7C0640054A7EA /* Enums */,
				0AD407452BE7B9A40054A7EA /* Screens */,
				0AD407442BE7B90C0054A7EA /* Elements */,
				0AD407322BE7B4780054A7EA /* Assets.xcassets */,
				0AD407342BE7B4780054A7EA /* Preview Content */,
			);
			path = "Bookmark Collector App";
			sourceTree = "<group>";
		};
		0AD407342BE7B4780054A7EA /* Preview Content */ = {
			isa = PBXGroup;
			children = (
				0AD407352BE7B4780054A7EA /* Preview Assets.xcassets */,
			);
			path = "Preview Content";
			sourceTree = "<group>";
		};
		0AD407442BE7B90C0054A7EA /* Elements */ = {
			isa = PBXGroup;
			children = (
				0AD4073C2BE7B5C30054A7EA /* MainButton.swift */,
				0AD407582BE7EB250054A7EA /* BookmarkList.swift */,
				0AD4074F2BE7E15C0054A7EA /* WebView.swift */,
				0AD4074B2BE7D0880054A7EA /* BookmarkView.swift */,
				0AD407512BE7E4F70054A7EA /* InputField.swift */,
				0AD407532BE7E69E0054A7EA /* SheetView.swift */,
				0AD407422BE7B8FB0054A7EA /* MainTitle.swift */,
				0AD407672BE93CF30054A7EA /* Services */,
			);
			path = Elements;
			sourceTree = "<group>";
		};
		0AD407452BE7B9A40054A7EA /* Screens */ = {
			isa = PBXGroup;
			children = (
				0AD407462BE7B9BB0054A7EA /* WelcomeScreen.swift */,
				0AD407492BE7C28D0054A7EA /* MainScreen.swift */,
			);
			path = Screens;
			sourceTree = "<group>";
		};
		0AD407482BE7C0640054A7EA /* Enums */ = {
			isa = PBXGroup;
			children = (
				0AD407402BE7B8270054A7EA /* ButtonType.swift */,
			);
			path = Enums;
			sourceTree = "<group>";
		};
		0AD407552BE7E7E50054A7EA /* Storage */ = {
			isa = PBXGroup;
			children = (
				0AD407562BE7E83C0054A7EA /* BookmarkListViewModel.swift */,
				0AD4074D2BE7DC960054A7EA /* BookmarkModel.swift */,
			);
			path = Storage;
			sourceTree = "<group>";
		};
		0AD407672BE93CF30054A7EA /* Services */ = {
			isa = PBXGroup;
			children = (
				0AD407682BE93DD90054A7EA /* DatabaseService.swift */,
			);
			path = Services;
			sourceTree = "<group>";
		};
		0AD4076A2BE940CC0054A7EA /* Frameworks */ = {
			isa = PBXGroup;
			children = (
			);
			name = Frameworks;
			sourceTree = "<group>";
		};
/* End PBXGroup section */

/* Begin PBXNativeTarget section */
		0AD4072A2BE7B4760054A7EA /* Bookmark Collector App */ = {
			isa = PBXNativeTarget;
			buildConfigurationList = 0AD407392BE7B4780054A7EA /* Build configuration list for PBXNativeTarget "Bookmark Collector App" */;
			buildPhases = (
				0AD407272BE7B4760054A7EA /* Sources */,
				0AD407282BE7B4760054A7EA /* Frameworks */,
				0AD407292BE7B4760054A7EA /* Resources */,
			);
			buildRules = (
			);
			dependencies = (
			);
			name = "Bookmark Collector App";
			packageProductDependencies = (
				0AD4075D2BE93B9B0054A7EA /* FirebaseAnalytics */,
				0AD4075F2BE93B9B0054A7EA /* FirebaseAnalyticsOnDeviceConversion */,
				0AD407612BE93B9B0054A7EA /* FirebaseAnalyticsSwift */,
				0AD407632BE93B9B0054A7EA /* FirebaseAnalyticsWithoutAdIdSupport */,
				0AD407652BE93B9B0054A7EA /* FirebaseAppCheck */,
				0AD4076B2BE940CC0054A7EA /* FirebaseFirestore */,
			);
			productName = "Bookmark Collector App";
			productReference = 0AD4072B2BE7B4760054A7EA /* Bookmark Collector App.app */;
			productType = "com.apple.product-type.application";
		};
/* End PBXNativeTarget section */

/* Begin PBXProject section */
		0AD407232BE7B4760054A7EA /* Project object */ = {
			isa = PBXProject;
			attributes = {
				BuildIndependentTargetsInParallel = 1;
				LastSwiftUpdateCheck = 1520;
				LastUpgradeCheck = 1520;
				TargetAttributes = {
					0AD4072A2BE7B4760054A7EA = {
						CreatedOnToolsVersion = 15.2;
					};
				};
			};
			buildConfigurationList = 0AD407262BE7B4760054A7EA /* Build configuration list for PBXProject "Bookmark Collector App" */;
			compatibilityVersion = "Xcode 14.0";
			developmentRegion = en;
			hasScannedForEncodings = 0;
			knownRegions = (
				en,
				Base,
			);
			mainGroup = 0AD407222BE7B4760054A7EA;
			packageReferences = (
				0AD4075C2BE93B9B0054A7EA /* XCRemoteSwiftPackageReference "firebase-ios-sdk" */,
			);
			productRefGroup = 0AD4072C2BE7B4760054A7EA /* Products */;
			projectDirPath = "";
			projectRoot = "";
			targets = (
				0AD4072A2BE7B4760054A7EA /* Bookmark Collector App */,
			);
		};
/* End PBXProject section */

/* Begin PBXResourcesBuildPhase section */
		0AD407292BE7B4760054A7EA /* Resources */ = {
			isa = PBXResourcesBuildPhase;
			buildActionMask = 2147483647;
			files = (
				0AD407362BE7B4780054A7EA /* Preview Assets.xcassets in Resources */,
				0AD407332BE7B4780054A7EA /* Assets.xcassets in Resources */,
				0AD4075B2BE93ADC0054A7EA /* GoogleService-Info.plist in Resources */,
			);
			runOnlyForDeploymentPostprocessing = 0;
		};
/* End PBXResourcesBuildPhase section */

/* Begin PBXSourcesBuildPhase section */
		0AD407272BE7B4760054A7EA /* Sources */ = {
			isa = PBXSourcesBuildPhase;
			buildActionMask = 2147483647;
			files = (
				0AD407472BE7B9BB0054A7EA /* WelcomeScreen.swift in Sources */,
				0AD407592BE7EB250054A7EA /* BookmarkList.swift in Sources */,
				0AD407522BE7E4F70054A7EA /* InputField.swift in Sources */,
				0AD407502BE7E15C0054A7EA /* WebView.swift in Sources */,
				0AD4074A2BE7C28D0054A7EA /* MainScreen.swift in Sources */,
				0AD407312BE7B4760054A7EA /* ContentView.swift in Sources */,
				0AD407692BE93DD90054A7EA /* DatabaseService.swift in Sources */,
				0AD407412BE7B8270054A7EA /* ButtonType.swift in Sources */,
				0AD4072F2BE7B4760054A7EA /* Bookmark_Collector_AppApp.swift in Sources */,
				0AD407572BE7E83C0054A7EA /* BookmarkListViewModel.swift in Sources */,
				0AD407432BE7B8FB0054A7EA /* MainTitle.swift in Sources */,
				0AD4074C2BE7D0880054A7EA /* BookmarkView.swift in Sources */,
				0AD4073D2BE7B5C30054A7EA /* MainButton.swift in Sources */,
				0AD407542BE7E69E0054A7EA /* SheetView.swift in Sources */,
				0AD4074E2BE7DC960054A7EA /* BookmarkModel.swift in Sources */,
			);
			runOnlyForDeploymentPostprocessing = 0;
		};
/* End PBXSourcesBuildPhase section */

/* Begin XCBuildConfiguration section */
		0AD407372BE7B4780054A7EA /* Debug */ = {
			isa = XCBuildConfiguration;
			buildSettings = {
				ALWAYS_SEARCH_USER_PATHS = NO;
				ASSETCATALOG_COMPILER_GENERATE_SWIFT_ASSET_SYMBOL_EXTENSIONS = YES;
				CLANG_ANALYZER_NONNULL = YES;
				CLANG_ANALYZER_NUMBER_OBJECT_CONVERSION = YES_AGGRESSIVE;
				CLANG_CXX_LANGUAGE_STANDARD = "gnu++20";
				CLANG_ENABLE_MODULES = YES;
				CLANG_ENABLE_OBJC_ARC = YES;
				CLANG_ENABLE_OBJC_WEAK = YES;
				CLANG_WARN_BLOCK_CAPTURE_AUTORELEASING = YES;
				CLANG_WARN_BOOL_CONVERSION = YES;
				CLANG_WARN_COMMA = YES;
				CLANG_WARN_CONSTANT_CONVERSION = YES;
				CLANG_WARN_DEPRECATED_OBJC_IMPLEMENTATIONS = YES;
				CLANG_WARN_DIRECT_OBJC_ISA_USAGE = YES_ERROR;
				CLANG_WARN_DOCUMENTATION_COMMENTS = YES;
				CLANG_WARN_EMPTY_BODY = YES;
				CLANG_WARN_ENUM_CONVERSION = YES;
				CLANG_WARN_INFINITE_RECURSION = YES;
				CLANG_WARN_INT_CONVERSION = YES;
				CLANG_WARN_NON_LITERAL_NULL_CONVERSION = YES;
				CLANG_WARN_OBJC_IMPLICIT_RETAIN_SELF = YES;
				CLANG_WARN_OBJC_LITERAL_CONVERSION = YES;
				CLANG_WARN_OBJC_ROOT_CLASS = YES_ERROR;
				CLANG_WARN_QUOTED_INCLUDE_IN_FRAMEWORK_HEADER = YES;
				CLANG_WARN_RANGE_LOOP_ANALYSIS = YES;
				CLANG_WARN_STRICT_PROTOTYPES = YES;
				CLANG_WARN_SUSPICIOUS_MOVE = YES;
				CLANG_WARN_UNGUARDED_AVAILABILITY = YES_AGGRESSIVE;
				CLANG_WARN_UNREACHABLE_CODE = YES;
				CLANG_WARN__DUPLICATE_METHOD_MATCH = YES;
				COPY_PHASE_STRIP = NO;
				DEBUG_INFORMATION_FORMAT = dwarf;
				ENABLE_STRICT_OBJC_MSGSEND = YES;
				ENABLE_TESTABILITY = YES;
				ENABLE_USER_SCRIPT_SANDBOXING = YES;
				GCC_C_LANGUAGE_STANDARD = gnu17;
				GCC_DYNAMIC_NO_PIC = NO;
				GCC_NO_COMMON_BLOCKS = YES;
				GCC_OPTIMIZATION_LEVEL = 0;
				GCC_PREPROCESSOR_DEFINITIONS = (
					"DEBUG=1",
					"$(inherited)",
				);
				GCC_WARN_64_TO_32_BIT_CONVERSION = YES;
				GCC_WARN_ABOUT_RETURN_TYPE = YES_ERROR;
				GCC_WARN_UNDECLARED_SELECTOR = YES;
				GCC_WARN_UNINITIALIZED_AUTOS = YES_AGGRESSIVE;
				GCC_WARN_UNUSED_FUNCTION = YES;
				GCC_WARN_UNUSED_VARIABLE = YES;
				IPHONEOS_DEPLOYMENT_TARGET = 17.2;
				LOCALIZATION_PREFERS_STRING_CATALOGS = YES;
				MTL_ENABLE_DEBUG_INFO = INCLUDE_SOURCE;
				MTL_FAST_MATH = YES;
				ONLY_ACTIVE_ARCH = YES;
				SDKROOT = iphoneos;
				SWIFT_ACTIVE_COMPILATION_CONDITIONS = "DEBUG $(inherited)";
				SWIFT_OPTIMIZATION_LEVEL = "-Onone";
			};
			name = Debug;
		};
		0AD407382BE7B4780054A7EA /* Release */ = {
			isa = XCBuildConfiguration;
			buildSettings = {
				ALWAYS_SEARCH_USER_PATHS = NO;
				ASSETCATALOG_COMPILER_GENERATE_SWIFT_ASSET_SYMBOL_EXTENSIONS = YES;
				CLANG_ANALYZER_NONNULL = YES;
				CLANG_ANALYZER_NUMBER_OBJECT_CONVERSION = YES_AGGRESSIVE;
				CLANG_CXX_LANGUAGE_STANDARD = "gnu++20";
				CLANG_ENABLE_MODULES = YES;
				CLANG_ENABLE_OBJC_ARC = YES;
				CLANG_ENABLE_OBJC_WEAK = YES;
				CLANG_WARN_BLOCK_CAPTURE_AUTORELEASING = YES;
				CLANG_WARN_BOOL_CONVERSION = YES;
				CLANG_WARN_COMMA = YES;
				CLANG_WARN_CONSTANT_CONVERSION = YES;
				CLANG_WARN_DEPRECATED_OBJC_IMPLEMENTATIONS = YES;
				CLANG_WARN_DIRECT_OBJC_ISA_USAGE = YES_ERROR;
				CLANG_WARN_DOCUMENTATION_COMMENTS = YES;
				CLANG_WARN_EMPTY_BODY = YES;
				CLANG_WARN_ENUM_CONVERSION = YES;
				CLANG_WARN_INFINITE_RECURSION = YES;
				CLANG_WARN_INT_CONVERSION = YES;
				CLANG_WARN_NON_LITERAL_NULL_CONVERSION = YES;
				CLANG_WARN_OBJC_IMPLICIT_RETAIN_SELF = YES;
				CLANG_WARN_OBJC_LITERAL_CONVERSION = YES;
				CLANG_WARN_OBJC_ROOT_CLASS = YES_ERROR;
				CLANG_WARN_QUOTED_INCLUDE_IN_FRAMEWORK_HEADER = YES;
				CLANG_WARN_RANGE_LOOP_ANALYSIS = YES;
				CLANG_WARN_STRICT_PROTOTYPES = YES;
				CLANG_WARN_SUSPICIOUS_MOVE = YES;
				CLANG_WARN_UNGUARDED_AVAILABILITY = YES_AGGRESSIVE;
				CLANG_WARN_UNREACHABLE_CODE = YES;
				CLANG_WARN__DUPLICATE_METHOD_MATCH = YES;
				COPY_PHASE_STRIP = NO;
				DEBUG_INFORMATION_FORMAT = "dwarf-with-dsym";
				ENABLE_NS_ASSERTIONS = NO;
				ENABLE_STRICT_OBJC_MSGSEND = YES;
				ENABLE_USER_SCRIPT_SANDBOXING = YES;
				GCC_C_LANGUAGE_STANDARD = gnu17;
				GCC_NO_COMMON_BLOCKS = YES;
				GCC_WARN_64_TO_32_BIT_CONVERSION = YES;
				GCC_WARN_ABOUT_RETURN_TYPE = YES_ERROR;
				GCC_WARN_UNDECLARED_SELECTOR = YES;
				GCC_WARN_UNINITIALIZED_AUTOS = YES_AGGRESSIVE;
				GCC_WARN_UNUSED_FUNCTION = YES;
				GCC_WARN_UNUSED_VARIABLE = YES;
				IPHONEOS_DEPLOYMENT_TARGET = 17.2;
				LOCALIZATION_PREFERS_STRING_CATALOGS = YES;
				MTL_ENABLE_DEBUG_INFO = NO;
				MTL_FAST_MATH = YES;
				SDKROOT = iphoneos;
				SWIFT_COMPILATION_MODE = wholemodule;
				VALIDATE_PRODUCT = YES;
			};
			name = Release;
		};
		0AD4073A2BE7B4780054A7EA /* Debug */ = {
			isa = XCBuildConfiguration;
			buildSettings = {
				ASSETCATALOG_COMPILER_APPICON_NAME = AppIcon;
				ASSETCATALOG_COMPILER_GLOBAL_ACCENT_COLOR_NAME = AccentColor;
				CODE_SIGN_STYLE = Automatic;
				CURRENT_PROJECT_VERSION = 1;
				DEVELOPMENT_ASSET_PATHS = "\"Bookmark Collector App/Preview Content\"";
				ENABLE_PREVIEWS = YES;
				GENERATE_INFOPLIST_FILE = YES;
				INFOPLIST_KEY_UIApplicationSceneManifest_Generation = YES;
				INFOPLIST_KEY_UIApplicationSupportsIndirectInputEvents = YES;
				INFOPLIST_KEY_UILaunchScreen_Generation = YES;
				INFOPLIST_KEY_UISupportedInterfaceOrientations_iPad = "UIInterfaceOrientationPortrait UIInterfaceOrientationPortraitUpsideDown UIInterfaceOrientationLandscapeLeft UIInterfaceOrientationLandscapeRight";
				INFOPLIST_KEY_UISupportedInterfaceOrientations_iPhone = "UIInterfaceOrientationPortrait UIInterfaceOrientationLandscapeLeft UIInterfaceOrientationLandscapeRight";
				LD_RUNPATH_SEARCH_PATHS = (
					"$(inherited)",
					"@executable_path/Frameworks",
				);
				MARKETING_VERSION = 1.0;
				PRODUCT_BUNDLE_IDENTIFIER = "PumbaTim.Bookmark-Collector-App";
				PRODUCT_NAME = "$(TARGET_NAME)";
				SWIFT_EMIT_LOC_STRINGS = YES;
				SWIFT_VERSION = 5.0;
				TARGETED_DEVICE_FAMILY = "1,2";
			};
			name = Debug;
		};
		0AD4073B2BE7B4780054A7EA /* Release */ = {
			isa = XCBuildConfiguration;
			buildSettings = {
				ASSETCATALOG_COMPILER_APPICON_NAME = AppIcon;
				ASSETCATALOG_COMPILER_GLOBAL_ACCENT_COLOR_NAME = AccentColor;
				CODE_SIGN_STYLE = Automatic;
				CURRENT_PROJECT_VERSION = 1;
				DEVELOPMENT_ASSET_PATHS = "\"Bookmark Collector App/Preview Content\"";
				ENABLE_PREVIEWS = YES;
				GENERATE_INFOPLIST_FILE = YES;
				INFOPLIST_KEY_UIApplicationSceneManifest_Generation = YES;
				INFOPLIST_KEY_UIApplicationSupportsIndirectInputEvents = YES;
				INFOPLIST_KEY_UILaunchScreen_Generation = YES;
				INFOPLIST_KEY_UISupportedInterfaceOrientations_iPad = "UIInterfaceOrientationPortrait UIInterfaceOrientationPortraitUpsideDown UIInterfaceOrientationLandscapeLeft UIInterfaceOrientationLandscapeRight";
				INFOPLIST_KEY_UISupportedInterfaceOrientations_iPhone = "UIInterfaceOrientationPortrait UIInterfaceOrientationLandscapeLeft UIInterfaceOrientationLandscapeRight";
				LD_RUNPATH_SEARCH_PATHS = (
					"$(inherited)",
					"@executable_path/Frameworks",
				);
				MARKETING_VERSION = 1.0;
				PRODUCT_BUNDLE_IDENTIFIER = "PumbaTim.Bookmark-Collector-App";
				PRODUCT_NAME = "$(TARGET_NAME)";
				SWIFT_EMIT_LOC_STRINGS = YES;
				SWIFT_VERSION = 5.0;
				TARGETED_DEVICE_FAMILY = "1,2";
			};
			name = Release;
		};
/* End XCBuildConfiguration section */

/* Begin XCConfigurationList section */
		0AD407262BE7B4760054A7EA /* Build configuration list for PBXProject "Bookmark Collector App" */ = {
			isa = XCConfigurationList;
			buildConfigurations = (
				0AD407372BE7B4780054A7EA /* Debug */,
				0AD407382BE7B4780054A7EA /* Release */,
			);
			defaultConfigurationIsVisible = 0;
			defaultConfigurationName = Release;
		};
		0AD407392BE7B4780054A7EA /* Build configuration list for PBXNativeTarget "Bookmark Collector App" */ = {
			isa = XCConfigurationList;
			buildConfigurations = (
				0AD4073A2BE7B4780054A7EA /* Debug */,
				0AD4073B2BE7B4780054A7EA /* Release */,
			);
			defaultConfigurationIsVisible = 0;
			defaultConfigurationName = Release;
		};
/* End XCConfigurationList section */

/* Begin XCRemoteSwiftPackageReference section */
		0AD4075C2BE93B9B0054A7EA /* XCRemoteSwiftPackageReference "firebase-ios-sdk" */ = {
			isa = XCRemoteSwiftPackageReference;
			repositoryURL = "https://github.com/firebase/firebase-ios-sdk.git";
			requirement = {
				kind = upToNextMajorVersion;
				minimumVersion = 10.25.0;
			};
		};
/* End XCRemoteSwiftPackageReference section */

/* Begin XCSwiftPackageProductDependency section */
		0AD4075D2BE93B9B0054A7EA /* FirebaseAnalytics */ = {
			isa = XCSwiftPackageProductDependency;
			package = 0AD4075C2BE93B9B0054A7EA /* XCRemoteSwiftPackageReference "firebase-ios-sdk" */;
			productName = FirebaseAnalytics;
		};
		0AD4075F2BE93B9B0054A7EA /* FirebaseAnalyticsOnDeviceConversion */ = {
			isa = XCSwiftPackageProductDependency;
			package = 0AD4075C2BE93B9B0054A7EA /* XCRemoteSwiftPackageReference "firebase-ios-sdk" */;
			productName = FirebaseAnalyticsOnDeviceConversion;
		};
		0AD407612BE93B9B0054A7EA /* FirebaseAnalyticsSwift */ = {
			isa = XCSwiftPackageProductDependency;
			package = 0AD4075C2BE93B9B0054A7EA /* XCRemoteSwiftPackageReference "firebase-ios-sdk" */;
			productName = FirebaseAnalyticsSwift;
		};
		0AD407632BE93B9B0054A7EA /* FirebaseAnalyticsWithoutAdIdSupport */ = {
			isa = XCSwiftPackageProductDependency;
			package = 0AD4075C2BE93B9B0054A7EA /* XCRemoteSwiftPackageReference "firebase-ios-sdk" */;
			productName = FirebaseAnalyticsWithoutAdIdSupport;
		};
		0AD407652BE93B9B0054A7EA /* FirebaseAppCheck */ = {
			isa = XCSwiftPackageProductDependency;
			package = 0AD4075C2BE93B9B0054A7EA /* XCRemoteSwiftPackageReference "firebase-ios-sdk" */;
			productName = FirebaseAppCheck;
		};
		0AD4076B2BE940CC0054A7EA /* FirebaseFirestore */ = {
			isa = XCSwiftPackageProductDependency;
			package = 0AD4075C2BE93B9B0054A7EA /* XCRemoteSwiftPackageReference "firebase-ios-sdk" */;
			productName = FirebaseFirestore;
		};
/* End XCSwiftPackageProductDependency section */
	};
	rootObject = 0AD407232BE7B4760054A7EA /* Project object */;
}
